// !$*UTF8*$!
{
	archiveVersion = 1;
	classes = {
	};
	objectVersion = 50;
	objects = {

/* Begin PBXBuildFile section */
		8116BE9A2255FB4100763245 /* mongoose.h in Headers */ = {isa = PBXBuildFile; fileRef = 8116BE972255FB4100763245 /* mongoose.h */; };
		8116BE9B2255FB4100763245 /* ms.h in Headers */ = {isa = PBXBuildFile; fileRef = 8116BE982255FB4100763245 /* ms.h */; };
		8116BE9C2255FB4100763245 /* queue.h in Headers */ = {isa = PBXBuildFile; fileRef = 8116BE992255FB4100763245 /* queue.h */; };
		8116BEAD2255FB4B00763245 /* ms_http_pipe.h in Headers */ = {isa = PBXBuildFile; fileRef = 8116BE9E2255FB4B00763245 /* ms_http_pipe.h */; };
		8116BEAE2255FB4B00763245 /* ms_memory_pool.h in Headers */ = {isa = PBXBuildFile; fileRef = 8116BE9F2255FB4B00763245 /* ms_memory_pool.h */; };
		8116BEAF2255FB4B00763245 /* ms_session.h in Headers */ = {isa = PBXBuildFile; fileRef = 8116BEA02255FB4B00763245 /* ms_session.h */; };
		8116BEB02255FB4B00763245 /* ms_task.h in Headers */ = {isa = PBXBuildFile; fileRef = 8116BEA12255FB4B00763245 /* ms_task.h */; };
		8116BEB12255FB4B00763245 /* ms_file_storage.h in Headers */ = {isa = PBXBuildFile; fileRef = 8116BEA22255FB4B00763245 /* ms_file_storage.h */; };
		8116BEB22255FB4B00763245 /* ms_server.c in Sources */ = {isa = PBXBuildFile; fileRef = 8116BEA32255FB4B00763245 /* ms_server.c */; };
		8116BEB32255FB4B00763245 /* ms_mem_storage.h in Headers */ = {isa = PBXBuildFile; fileRef = 8116BEA42255FB4B00763245 /* ms_mem_storage.h */; };
		8116BEB42255FB4B00763245 /* ms_memory_pool.c in Sources */ = {isa = PBXBuildFile; fileRef = 8116BEA52255FB4B00763245 /* ms_memory_pool.c */; };
		8116BEB52255FB4B00763245 /* ms_http_pipe.c in Sources */ = {isa = PBXBuildFile; fileRef = 8116BEA62255FB4B00763245 /* ms_http_pipe.c */; };
		8116BEB62255FB4B00763245 /* ms_session.c in Sources */ = {isa = PBXBuildFile; fileRef = 8116BEA72255FB4B00763245 /* ms_session.c */; };
		8116BEB72255FB4B00763245 /* mongoose.c in Sources */ = {isa = PBXBuildFile; fileRef = 8116BEA82255FB4B00763245 /* mongoose.c */; settings = {COMPILER_FLAGS = "-w"; }; };
		8116BEB82255FB4B00763245 /* ms_task.c in Sources */ = {isa = PBXBuildFile; fileRef = 8116BEA92255FB4B00763245 /* ms_task.c */; };
		8116BEB92255FB4B00763245 /* ms_server.h in Headers */ = {isa = PBXBuildFile; fileRef = 8116BEAA2255FB4B00763245 /* ms_server.h */; };
		8116BEBA2255FB4B00763245 /* ms_mem_storage.c in Sources */ = {isa = PBXBuildFile; fileRef = 8116BEAB2255FB4B00763245 /* ms_mem_storage.c */; };
		8116BEBB2255FB4B00763245 /* ms_file_storage.c in Sources */ = {isa = PBXBuildFile; fileRef = 8116BEAC2255FB4B00763245 /* ms_file_storage.c */; };
		81FDC33822EBF34E00F01956 /* ms_session_manager.h in Headers */ = {isa = PBXBuildFile; fileRef = 81FDC32A22EBF34C00F01956 /* ms_session_manager.h */; };
		81FDC33922EBF34E00F01956 /* ms_common.h in Headers */ = {isa = PBXBuildFile; fileRef = 81FDC32B22EBF34C00F01956 /* ms_common.h */; };
		81FDC33A22EBF34E00F01956 /* ms_stream_handler.h in Headers */ = {isa = PBXBuildFile; fileRef = 81FDC32C22EBF34C00F01956 /* ms_stream_handler.h */; };
		81FDC33B22EBF34E00F01956 /* ms_preloader.h in Headers */ = {isa = PBXBuildFile; fileRef = 81FDC32D22EBF34C00F01956 /* ms_preloader.h */; };
		81FDC33C22EBF34E00F01956 /* ms_preloader_manager.h in Headers */ = {isa = PBXBuildFile; fileRef = 81FDC32E22EBF34C00F01956 /* ms_preloader_manager.h */; };
		81FDC33D22EBF34E00F01956 /* ms_stream_handler.c in Sources */ = {isa = PBXBuildFile; fileRef = 81FDC32F22EBF34C00F01956 /* ms_stream_handler.c */; };
		81FDC33E22EBF34E00F01956 /* ms_server_handler.h in Headers */ = {isa = PBXBuildFile; fileRef = 81FDC33022EBF34C00F01956 /* ms_server_handler.h */; };
		81FDC33F22EBF34E00F01956 /* ms_session_manager.c in Sources */ = {isa = PBXBuildFile; fileRef = 81FDC33122EBF34C00F01956 /* ms_session_manager.c */; };
		81FDC34022EBF34E00F01956 /* ms_preloader.c in Sources */ = {isa = PBXBuildFile; fileRef = 81FDC33222EBF34D00F01956 /* ms_preloader.c */; };
		81FDC34122EBF34E00F01956 /* ms_server_handler.c in Sources */ = {isa = PBXBuildFile; fileRef = 81FDC33322EBF34D00F01956 /* ms_server_handler.c */; };
		81FDC34222EBF34E00F01956 /* ms_preloader_manager.c in Sources */ = {isa = PBXBuildFile; fileRef = 81FDC33422EBF34D00F01956 /* ms_preloader_manager.c */; };
		81FDC34322EBF34E00F01956 /* ms_common.c in Sources */ = {isa = PBXBuildFile; fileRef = 81FDC33522EBF34D00F01956 /* ms_common.c */; };
		81FDC34422EBF34E00F01956 /* ms_task_manager.c in Sources */ = {isa = PBXBuildFile; fileRef = 81FDC33622EBF34D00F01956 /* ms_task_manager.c */; };
		81FDC34522EBF34E00F01956 /* ms_task_manager.h in Headers */ = {isa = PBXBuildFile; fileRef = 81FDC33722EBF34D00F01956 /* ms_task_manager.h */; };
/* End PBXBuildFile section */

/* Begin PBXFileReference section */
		8116BE972255FB4100763245 /* mongoose.h */ = {isa = PBXFileReference; fileEncoding = 4; lastKnownFileType = sourcecode.c.h; path = mongoose.h; sourceTree = "<group>"; };
		8116BE982255FB4100763245 /* ms.h */ = {isa = PBXFileReference; fileEncoding = 4; lastKnownFileType = sourcecode.c.h; path = ms.h; sourceTree = "<group>"; };
		8116BE992255FB4100763245 /* queue.h */ = {isa = PBXFileReference; fileEncoding = 4; lastKnownFileType = sourcecode.c.h; path = queue.h; sourceTree = "<group>"; };
		8116BE9E2255FB4B00763245 /* ms_http_pipe.h */ = {isa = PBXFileReference; fileEncoding = 4; indentWidth = 2; lastKnownFileType = sourcecode.c.h; path = ms_http_pipe.h; sourceTree = "<group>"; tabWidth = 2; };
		8116BE9F2255FB4B00763245 /* ms_memory_pool.h */ = {isa = PBXFileReference; fileEncoding = 4; indentWidth = 2; lastKnownFileType = sourcecode.c.h; path = ms_memory_pool.h; sourceTree = "<group>"; tabWidth = 2; };
		8116BEA02255FB4B00763245 /* ms_session.h */ = {isa = PBXFileReference; fileEncoding = 4; indentWidth = 2; lastKnownFileType = sourcecode.c.h; path = ms_session.h; sourceTree = "<group>"; tabWidth = 2; };
		8116BEA12255FB4B00763245 /* ms_task.h */ = {isa = PBXFileReference; fileEncoding = 4; indentWidth = 2; lastKnownFileType = sourcecode.c.h; path = ms_task.h; sourceTree = "<group>"; tabWidth = 2; };
		8116BEA22255FB4B00763245 /* ms_file_storage.h */ = {isa = PBXFileReference; fileEncoding = 4; indentWidth = 2; lastKnownFileType = sourcecode.c.h; path = ms_file_storage.h; sourceTree = "<group>"; tabWidth = 2; };
		8116BEA32255FB4B00763245 /* ms_server.c */ = {isa = PBXFileReference; fileEncoding = 4; indentWidth = 2; lastKnownFileType = sourcecode.c.c; path = ms_server.c; sourceTree = "<group>"; tabWidth = 2; };
		8116BEA42255FB4B00763245 /* ms_mem_storage.h */ = {isa = PBXFileReference; fileEncoding = 4; indentWidth = 2; lastKnownFileType = sourcecode.c.h; path = ms_mem_storage.h; sourceTree = "<group>"; tabWidth = 2; };
		8116BEA52255FB4B00763245 /* ms_memory_pool.c */ = {isa = PBXFileReference; fileEncoding = 4; indentWidth = 2; lastKnownFileType = sourcecode.c.c; path = ms_memory_pool.c; sourceTree = "<group>"; tabWidth = 2; };
		8116BEA62255FB4B00763245 /* ms_http_pipe.c */ = {isa = PBXFileReference; fileEncoding = 4; indentWidth = 2; lastKnownFileType = sourcecode.c.c; path = ms_http_pipe.c; sourceTree = "<group>"; tabWidth = 2; };
		8116BEA72255FB4B00763245 /* ms_session.c */ = {isa = PBXFileReference; fileEncoding = 4; indentWidth = 2; lastKnownFileType = sourcecode.c.c; path = ms_session.c; sourceTree = "<group>"; tabWidth = 2; };
		8116BEA82255FB4B00763245 /* mongoose.c */ = {isa = PBXFileReference; fileEncoding = 4; indentWidth = 2; lastKnownFileType = sourcecode.c.c; path = mongoose.c; sourceTree = "<group>"; tabWidth = 2; };
		8116BEA92255FB4B00763245 /* ms_task.c */ = {isa = PBXFileReference; fileEncoding = 4; indentWidth = 2; lastKnownFileType = sourcecode.c.c; path = ms_task.c; sourceTree = "<group>"; tabWidth = 2; };
		8116BEAA2255FB4B00763245 /* ms_server.h */ = {isa = PBXFileReference; fileEncoding = 4; indentWidth = 2; lastKnownFileType = sourcecode.c.h; path = ms_server.h; sourceTree = "<group>"; tabWidth = 2; };
		8116BEAB2255FB4B00763245 /* ms_mem_storage.c */ = {isa = PBXFileReference; fileEncoding = 4; indentWidth = 2; lastKnownFileType = sourcecode.c.c; path = ms_mem_storage.c; sourceTree = "<group>"; tabWidth = 2; };
		8116BEAC2255FB4B00763245 /* ms_file_storage.c */ = {isa = PBXFileReference; fileEncoding = 4; indentWidth = 2; lastKnownFileType = sourcecode.c.c; path = ms_file_storage.c; sourceTree = "<group>"; tabWidth = 2; };
		815CC02F224DF886009EE3AC /* libms.a */ = {isa = PBXFileReference; explicitFileType = archive.ar; includeInIndex = 0; path = libms.a; sourceTree = BUILT_PRODUCTS_DIR; };
		81FDC32A22EBF34C00F01956 /* ms_session_manager.h */ = {isa = PBXFileReference; fileEncoding = 4; lastKnownFileType = sourcecode.c.h; path = ms_session_manager.h; sourceTree = "<group>"; };
		81FDC32B22EBF34C00F01956 /* ms_common.h */ = {isa = PBXFileReference; fileEncoding = 4; lastKnownFileType = sourcecode.c.h; path = ms_common.h; sourceTree = "<group>"; };
		81FDC32C22EBF34C00F01956 /* ms_stream_handler.h */ = {isa = PBXFileReference; fileEncoding = 4; lastKnownFileType = sourcecode.c.h; path = ms_stream_handler.h; sourceTree = "<group>"; };
		81FDC32D22EBF34C00F01956 /* ms_preloader.h */ = {isa = PBXFileReference; fileEncoding = 4; lastKnownFileType = sourcecode.c.h; path = ms_preloader.h; sourceTree = "<group>"; };
		81FDC32E22EBF34C00F01956 /* ms_preloader_manager.h */ = {isa = PBXFileReference; fileEncoding = 4; lastKnownFileType = sourcecode.c.h; path = ms_preloader_manager.h; sourceTree = "<group>"; };
		81FDC32F22EBF34C00F01956 /* ms_stream_handler.c */ = {isa = PBXFileReference; fileEncoding = 4; lastKnownFileType = sourcecode.c.c; path = ms_stream_handler.c; sourceTree = "<group>"; };
		81FDC33022EBF34C00F01956 /* ms_server_handler.h */ = {isa = PBXFileReference; fileEncoding = 4; lastKnownFileType = sourcecode.c.h; path = ms_server_handler.h; sourceTree = "<group>"; };
		81FDC33122EBF34C00F01956 /* ms_session_manager.c */ = {isa = PBXFileReference; fileEncoding = 4; lastKnownFileType = sourcecode.c.c; path = ms_session_manager.c; sourceTree = "<group>"; };
		81FDC33222EBF34D00F01956 /* ms_preloader.c */ = {isa = PBXFileReference; fileEncoding = 4; lastKnownFileType = sourcecode.c.c; path = ms_preloader.c; sourceTree = "<group>"; };
		81FDC33322EBF34D00F01956 /* ms_server_handler.c */ = {isa = PBXFileReference; fileEncoding = 4; lastKnownFileType = sourcecode.c.c; path = ms_server_handler.c; sourceTree = "<group>"; };
		81FDC33422EBF34D00F01956 /* ms_preloader_manager.c */ = {isa = PBXFileReference; fileEncoding = 4; lastKnownFileType = sourcecode.c.c; path = ms_preloader_manager.c; sourceTree = "<group>"; };
		81FDC33522EBF34D00F01956 /* ms_common.c */ = {isa = PBXFileReference; fileEncoding = 4; lastKnownFileType = sourcecode.c.c; path = ms_common.c; sourceTree = "<group>"; };
		81FDC33622EBF34D00F01956 /* ms_task_manager.c */ = {isa = PBXFileReference; fileEncoding = 4; lastKnownFileType = sourcecode.c.c; path = ms_task_manager.c; sourceTree = "<group>"; };
		81FDC33722EBF34D00F01956 /* ms_task_manager.h */ = {isa = PBXFileReference; fileEncoding = 4; lastKnownFileType = sourcecode.c.h; path = ms_task_manager.h; sourceTree = "<group>"; };
/* End PBXFileReference section */

/* Begin PBXFrameworksBuildPhase section */
		815CC02D224DF886009EE3AC /* Frameworks */ = {
			isa = PBXFrameworksBuildPhase;
			buildActionMask = 2147483647;
			files = (
			);
			runOnlyForDeploymentPostprocessing = 0;
		};
/* End PBXFrameworksBuildPhase section */

/* Begin PBXGroup section */
		8116BE952255FB2B00763245 /* Source */ = {
			isa = PBXGroup;
			children = (
				8116BE962255FB4100763245 /* include */,
				8116BE9D2255FB4B00763245 /* src */,
			);
			path = Source;
			sourceTree = "<group>";
		};
		8116BE962255FB4100763245 /* include */ = {
			isa = PBXGroup;
			children = (
				8116BE972255FB4100763245 /* mongoose.h */,
				8116BE982255FB4100763245 /* ms.h */,
				8116BE992255FB4100763245 /* queue.h */,
			);
			name = include;
			path = ../../include;
			sourceTree = "<group>";
		};
		8116BE9D2255FB4B00763245 /* src */ = {
			isa = PBXGroup;
			children = (
				8116BEA82255FB4B00763245 /* mongoose.c */,
				81FDC33522EBF34D00F01956 /* ms_common.c */,
				81FDC32B22EBF34C00F01956 /* ms_common.h */,
				8116BEAC2255FB4B00763245 /* ms_file_storage.c */,
				8116BEA22255FB4B00763245 /* ms_file_storage.h */,
				8116BEA62255FB4B00763245 /* ms_http_pipe.c */,
				8116BE9E2255FB4B00763245 /* ms_http_pipe.h */,
				8116BEAB2255FB4B00763245 /* ms_mem_storage.c */,
				8116BEA42255FB4B00763245 /* ms_mem_storage.h */,
				8116BEA52255FB4B00763245 /* ms_memory_pool.c */,
				8116BE9F2255FB4B00763245 /* ms_memory_pool.h */,
				81FDC33422EBF34D00F01956 /* ms_preloader_manager.c */,
				81FDC32E22EBF34C00F01956 /* ms_preloader_manager.h */,
				81FDC33222EBF34D00F01956 /* ms_preloader.c */,
				81FDC32D22EBF34C00F01956 /* ms_preloader.h */,
				81FDC33322EBF34D00F01956 /* ms_server_handler.c */,
				81FDC33022EBF34C00F01956 /* ms_server_handler.h */,
				8116BEA32255FB4B00763245 /* ms_server.c */,
				8116BEAA2255FB4B00763245 /* ms_server.h */,
				81FDC33122EBF34C00F01956 /* ms_session_manager.c */,
				81FDC32A22EBF34C00F01956 /* ms_session_manager.h */,
				8116BEA72255FB4B00763245 /* ms_session.c */,
				8116BEA02255FB4B00763245 /* ms_session.h */,
				81FDC32F22EBF34C00F01956 /* ms_stream_handler.c */,
				81FDC32C22EBF34C00F01956 /* ms_stream_handler.h */,
				81FDC33622EBF34D00F01956 /* ms_task_manager.c */,
				81FDC33722EBF34D00F01956 /* ms_task_manager.h */,
				8116BEA92255FB4B00763245 /* ms_task.c */,
				8116BEA12255FB4B00763245 /* ms_task.h */,
			);
			name = src;
			path = ../../src;
			sourceTree = "<group>";
		};
		815CC026224DF886009EE3AC = {
			isa = PBXGroup;
			children = (
				8116BE952255FB2B00763245 /* Source */,
				815CC030224DF886009EE3AC /* Products */,
			);
			sourceTree = "<group>";
		};
		815CC030224DF886009EE3AC /* Products */ = {
			isa = PBXGroup;
			children = (
				815CC02F224DF886009EE3AC /* libms.a */,
			);
			name = Products;
			sourceTree = "<group>";
		};
/* End PBXGroup section */

/* Begin PBXHeadersBuildPhase section */
		815CC02B224DF886009EE3AC /* Headers */ = {
			isa = PBXHeadersBuildPhase;
			buildActionMask = 2147483647;
			files = (
				8116BEAE2255FB4B00763245 /* ms_memory_pool.h in Headers */,
				81FDC33B22EBF34E00F01956 /* ms_preloader.h in Headers */,
				81FDC33922EBF34E00F01956 /* ms_common.h in Headers */,
				8116BEAD2255FB4B00763245 /* ms_http_pipe.h in Headers */,
				8116BEB12255FB4B00763245 /* ms_file_storage.h in Headers */,
				8116BE9C2255FB4100763245 /* queue.h in Headers */,
				8116BEAF2255FB4B00763245 /* ms_session.h in Headers */,
				81FDC33822EBF34E00F01956 /* ms_session_manager.h in Headers */,
				8116BEB02255FB4B00763245 /* ms_task.h in Headers */,
				8116BE9B2255FB4100763245 /* ms.h in Headers */,
				8116BEB92255FB4B00763245 /* ms_server.h in Headers */,
				81FDC33A22EBF34E00F01956 /* ms_stream_handler.h in Headers */,
				81FDC33E22EBF34E00F01956 /* ms_server_handler.h in Headers */,
				8116BEB32255FB4B00763245 /* ms_mem_storage.h in Headers */,
				81FDC33C22EBF34E00F01956 /* ms_preloader_manager.h in Headers */,
				81FDC34522EBF34E00F01956 /* ms_task_manager.h in Headers */,
				8116BE9A2255FB4100763245 /* mongoose.h in Headers */,
			);
			runOnlyForDeploymentPostprocessing = 0;
		};
/* End PBXHeadersBuildPhase section */

/* Begin PBXNativeTarget section */
		815CC02E224DF886009EE3AC /* ms */ = {
			isa = PBXNativeTarget;
			buildConfigurationList = 815CC033224DF886009EE3AC /* Build configuration list for PBXNativeTarget "ms" */;
			buildPhases = (
				815CC02B224DF886009EE3AC /* Headers */,
				815CC02C224DF886009EE3AC /* Sources */,
				815CC02D224DF886009EE3AC /* Frameworks */,
			);
			buildRules = (
			);
			dependencies = (
			);
			name = ms;
			productName = ms;
			productReference = 815CC02F224DF886009EE3AC /* libms.a */;
			productType = "com.apple.product-type.library.static";
		};
/* End PBXNativeTarget section */

/* Begin PBXProject section */
		815CC027224DF886009EE3AC /* Project object */ = {
			isa = PBXProject;
			attributes = {
				LastUpgradeCheck = 1020;
				ORGANIZATIONNAME = wujianguo;
				TargetAttributes = {
					815CC02E224DF886009EE3AC = {
						CreatedOnToolsVersion = 10.2;
					};
				};
			};
			buildConfigurationList = 815CC02A224DF886009EE3AC /* Build configuration list for PBXProject "ms" */;
			compatibilityVersion = "Xcode 9.3";
			developmentRegion = en;
			hasScannedForEncodings = 0;
			knownRegions = (
				en,
			);
			mainGroup = 815CC026224DF886009EE3AC;
			productRefGroup = 815CC030224DF886009EE3AC /* Products */;
			projectDirPath = "";
			projectRoot = "";
			targets = (
				815CC02E224DF886009EE3AC /* ms */,
			);
		};
/* End PBXProject section */

/* Begin PBXSourcesBuildPhase section */
		815CC02C224DF886009EE3AC /* Sources */ = {
			isa = PBXSourcesBuildPhase;
			buildActionMask = 2147483647;
			files = (
				81FDC34222EBF34E00F01956 /* ms_preloader_manager.c in Sources */,
				81FDC34022EBF34E00F01956 /* ms_preloader.c in Sources */,
				8116BEB62255FB4B00763245 /* ms_session.c in Sources */,
				8116BEB52255FB4B00763245 /* ms_http_pipe.c in Sources */,
				81FDC33D22EBF34E00F01956 /* ms_stream_handler.c in Sources */,
				81FDC34422EBF34E00F01956 /* ms_task_manager.c in Sources */,
				8116BEB82255FB4B00763245 /* ms_task.c in Sources */,
				81FDC34322EBF34E00F01956 /* ms_common.c in Sources */,
				8116BEB72255FB4B00763245 /* mongoose.c in Sources */,
				8116BEBA2255FB4B00763245 /* ms_mem_storage.c in Sources */,
				81FDC34122EBF34E00F01956 /* ms_server_handler.c in Sources */,
				81FDC33F22EBF34E00F01956 /* ms_session_manager.c in Sources */,
				8116BEBB2255FB4B00763245 /* ms_file_storage.c in Sources */,
				8116BEB42255FB4B00763245 /* ms_memory_pool.c in Sources */,
				8116BEB22255FB4B00763245 /* ms_server.c in Sources */,
			);
			runOnlyForDeploymentPostprocessing = 0;
		};
/* End PBXSourcesBuildPhase section */

/* Begin XCBuildConfiguration section */
		815CC031224DF886009EE3AC /* Debug */ = {
			isa = XCBuildConfiguration;
			buildSettings = {
				ALWAYS_SEARCH_USER_PATHS = NO;
				CLANG_ANALYZER_NONNULL = YES;
				CLANG_ANALYZER_NUMBER_OBJECT_CONVERSION = YES_AGGRESSIVE;
				CLANG_CXX_LANGUAGE_STANDARD = "gnu++14";
				CLANG_CXX_LIBRARY = "libc++";
				CLANG_ENABLE_MODULES = YES;
				CLANG_ENABLE_OBJC_ARC = YES;
				CLANG_ENABLE_OBJC_WEAK = YES;
				CLANG_WARN_BLOCK_CAPTURE_AUTORELEASING = YES;
				CLANG_WARN_BOOL_CONVERSION = YES;
				CLANG_WARN_COMMA = YES;
				CLANG_WARN_CONSTANT_CONVERSION = YES;
				CLANG_WARN_DEPRECATED_OBJC_IMPLEMENTATIONS = YES;
				CLANG_WARN_DIRECT_OBJC_ISA_USAGE = YES_ERROR;
				CLANG_WARN_DOCUMENTATION_COMMENTS = YES;
				CLANG_WARN_EMPTY_BODY = YES;
				CLANG_WARN_ENUM_CONVERSION = YES;
				CLANG_WARN_INFINITE_RECURSION = YES;
				CLANG_WARN_INT_CONVERSION = YES;
				CLANG_WARN_NON_LITERAL_NULL_CONVERSION = YES;
				CLANG_WARN_OBJC_IMPLICIT_RETAIN_SELF = YES;
				CLANG_WARN_OBJC_LITERAL_CONVERSION = YES;
				CLANG_WARN_OBJC_ROOT_CLASS = YES_ERROR;
				CLANG_WARN_RANGE_LOOP_ANALYSIS = YES;
				CLANG_WARN_STRICT_PROTOTYPES = YES;
				CLANG_WARN_SUSPICIOUS_MOVE = YES;
				CLANG_WARN_UNGUARDED_AVAILABILITY = YES_AGGRESSIVE;
				CLANG_WARN_UNREACHABLE_CODE = YES;
				CLANG_WARN__DUPLICATE_METHOD_MATCH = YES;
				CODE_SIGN_IDENTITY = "-";
				COPY_PHASE_STRIP = NO;
				DEBUG_INFORMATION_FORMAT = dwarf;
				ENABLE_STRICT_OBJC_MSGSEND = YES;
				ENABLE_TESTABILITY = YES;
				GCC_C_LANGUAGE_STANDARD = gnu11;
				GCC_DYNAMIC_NO_PIC = NO;
				GCC_NO_COMMON_BLOCKS = YES;
				GCC_OPTIMIZATION_LEVEL = 0;
				GCC_PREPROCESSOR_DEFINITIONS = (
					"DEBUG=1",
					"$(inherited)",
				);
				GCC_WARN_64_TO_32_BIT_CONVERSION = YES;
				GCC_WARN_ABOUT_RETURN_TYPE = YES_ERROR;
				GCC_WARN_UNDECLARED_SELECTOR = YES;
				GCC_WARN_UNINITIALIZED_AUTOS = YES_AGGRESSIVE;
				GCC_WARN_UNUSED_FUNCTION = YES;
				GCC_WARN_UNUSED_VARIABLE = YES;
				MACOSX_DEPLOYMENT_TARGET = 10.14;
				MTL_ENABLE_DEBUG_INFO = INCLUDE_SOURCE;
				MTL_FAST_MATH = YES;
				ONLY_ACTIVE_ARCH = YES;
				SDKROOT = macosx;
			};
			name = Debug;
		};
		815CC032224DF886009EE3AC /* Release */ = {
			isa = XCBuildConfiguration;
			buildSettings = {
				ALWAYS_SEARCH_USER_PATHS = NO;
				CLANG_ANALYZER_NONNULL = YES;
				CLANG_ANALYZER_NUMBER_OBJECT_CONVERSION = YES_AGGRESSIVE;
				CLANG_CXX_LANGUAGE_STANDARD = "gnu++14";
				CLANG_CXX_LIBRARY = "libc++";
				CLANG_ENABLE_MODULES = YES;
				CLANG_ENABLE_OBJC_ARC = YES;
				CLANG_ENABLE_OBJC_WEAK = YES;
				CLANG_WARN_BLOCK_CAPTURE_AUTORELEASING = YES;
				CLANG_WARN_BOOL_CONVERSION = YES;
				CLANG_WARN_COMMA = YES;
				CLANG_WARN_CONSTANT_CONVERSION = YES;
				CLANG_WARN_DEPRECATED_OBJC_IMPLEMENTATIONS = YES;
				CLANG_WARN_DIRECT_OBJC_ISA_USAGE = YES_ERROR;
				CLANG_WARN_DOCUMENTATION_COMMENTS = YES;
				CLANG_WARN_EMPTY_BODY = YES;
				CLANG_WARN_ENUM_CONVERSION = YES;
				CLANG_WARN_INFINITE_RECURSION = YES;
				CLANG_WARN_INT_CONVERSION = YES;
				CLANG_WARN_NON_LITERAL_NULL_CONVERSION = YES;
				CLANG_WARN_OBJC_IMPLICIT_RETAIN_SELF = YES;
				CLANG_WARN_OBJC_LITERAL_CONVERSION = YES;
				CLANG_WARN_OBJC_ROOT_CLASS = YES_ERROR;
				CLANG_WARN_RANGE_LOOP_ANALYSIS = YES;
				CLANG_WARN_STRICT_PROTOTYPES = YES;
				CLANG_WARN_SUSPICIOUS_MOVE = YES;
				CLANG_WARN_UNGUARDED_AVAILABILITY = YES_AGGRESSIVE;
				CLANG_WARN_UNREACHABLE_CODE = YES;
				CLANG_WARN__DUPLICATE_METHOD_MATCH = YES;
				CODE_SIGN_IDENTITY = "-";
				COPY_PHASE_STRIP = NO;
				DEBUG_INFORMATION_FORMAT = "dwarf-with-dsym";
				ENABLE_NS_ASSERTIONS = NO;
				ENABLE_STRICT_OBJC_MSGSEND = YES;
				GCC_C_LANGUAGE_STANDARD = gnu11;
				GCC_NO_COMMON_BLOCKS = YES;
				GCC_WARN_64_TO_32_BIT_CONVERSION = YES;
				GCC_WARN_ABOUT_RETURN_TYPE = YES_ERROR;
				GCC_WARN_UNDECLARED_SELECTOR = YES;
				GCC_WARN_UNINITIALIZED_AUTOS = YES_AGGRESSIVE;
				GCC_WARN_UNUSED_FUNCTION = YES;
				GCC_WARN_UNUSED_VARIABLE = YES;
				MACOSX_DEPLOYMENT_TARGET = 10.14;
				MTL_ENABLE_DEBUG_INFO = NO;
				MTL_FAST_MATH = YES;
				SDKROOT = macosx;
			};
			name = Release;
		};
		815CC034224DF886009EE3AC /* Debug */ = {
			isa = XCBuildConfiguration;
			buildSettings = {
				CODE_SIGN_STYLE = Automatic;
				EXECUTABLE_PREFIX = lib;
				PRODUCT_NAME = "$(TARGET_NAME)";
				SKIP_INSTALL = YES;
			};
			name = Debug;
		};
		815CC035224DF886009EE3AC /* Release */ = {
			isa = XCBuildConfiguration;
			buildSettings = {
				CODE_SIGN_STYLE = Automatic;
				EXECUTABLE_PREFIX = lib;
				PRODUCT_NAME = "$(TARGET_NAME)";
				SKIP_INSTALL = YES;
			};
			name = Release;
		};
/* End XCBuildConfiguration section */

/* Begin XCConfigurationList section */
		815CC02A224DF886009EE3AC /* Build configuration list for PBXProject "ms" */ = {
			isa = XCConfigurationList;
			buildConfigurations = (
				815CC031224DF886009EE3AC /* Debug */,
				815CC032224DF886009EE3AC /* Release */,
			);
			defaultConfigurationIsVisible = 0;
			defaultConfigurationName = Release;
		};
		815CC033224DF886009EE3AC /* Build configuration list for PBXNativeTarget "ms" */ = {
			isa = XCConfigurationList;
			buildConfigurations = (
				815CC034224DF886009EE3AC /* Debug */,
				815CC035224DF886009EE3AC /* Release */,
			);
			defaultConfigurationIsVisible = 0;
			defaultConfigurationName = Release;
		};
/* End XCConfigurationList section */
	};
	rootObject = 815CC027224DF886009EE3AC /* Project object */;
}
