// !$*UTF8*$!
{
	archiveVersion = 1;
	classes = {
	};
	objectVersion = 50;
	objects = {

/* Begin PBXBuildFile section */
		81FBF3FC221143860001A10F /* AppDelegate.swift in Sources */ = {isa = PBXBuildFile; fileRef = 81FBF3FB221143860001A10F /* AppDelegate.swift */; };
		81FBF3FE221143860001A10F /* ViewController.swift in Sources */ = {isa = PBXBuildFile; fileRef = 81FBF3FD221143860001A10F /* ViewController.swift */; };
		81FBF401221143860001A10F /* Main.storyboard in Resources */ = {isa = PBXBuildFile; fileRef = 81FBF3FF221143860001A10F /* Main.storyboard */; };
		81FBF403221143890001A10F /* Assets.xcassets in Resources */ = {isa = PBXBuildFile; fileRef = 81FBF402221143890001A10F /* Assets.xcassets */; };
		81FBF406221143890001A10F /* LaunchScreen.storyboard in Resources */ = {isa = PBXBuildFile; fileRef = 81FBF404221143890001A10F /* LaunchScreen.storyboard */; };
		81FBF411221143890001A10F /* LibmsExampleTests.swift in Sources */ = {isa = PBXBuildFile; fileRef = 81FBF410221143890001A10F /* LibmsExampleTests.swift */; };
		81FBF41C221143890001A10F /* LibmsExampleUITests.swift in Sources */ = {isa = PBXBuildFile; fileRef = 81FBF41B221143890001A10F /* LibmsExampleUITests.swift */; };
/* End PBXBuildFile section */

/* Begin PBXContainerItemProxy section */
		81FBF40D221143890001A10F /* PBXContainerItemProxy */ = {
			isa = PBXContainerItemProxy;
			containerPortal = 81FBF3F0221143860001A10F /* Project object */;
			proxyType = 1;
			remoteGlobalIDString = 81FBF3F7221143860001A10F;
			remoteInfo = LibmsExample;
		};
		81FBF418221143890001A10F /* PBXContainerItemProxy */ = {
			isa = PBXContainerItemProxy;
			containerPortal = 81FBF3F0221143860001A10F /* Project object */;
			proxyType = 1;
			remoteGlobalIDString = 81FBF3F7221143860001A10F;
			remoteInfo = LibmsExample;
		};
/* End PBXContainerItemProxy section */

/* Begin PBXFileReference section */
		81FBF3F8221143860001A10F /* LibmsExample.app */ = {isa = PBXFileReference; explicitFileType = wrapper.application; includeInIndex = 0; path = LibmsExample.app; sourceTree = BUILT_PRODUCTS_DIR; };
		81FBF3FB221143860001A10F /* AppDelegate.swift */ = {isa = PBXFileReference; lastKnownFileType = sourcecode.swift; path = AppDelegate.swift; sourceTree = "<group>"; };
		81FBF3FD221143860001A10F /* ViewController.swift */ = {isa = PBXFileReference; lastKnownFileType = sourcecode.swift; path = ViewController.swift; sourceTree = "<group>"; };
		81FBF400221143860001A10F /* Base */ = {isa = PBXFileReference; lastKnownFileType = file.storyboard; name = Base; path = Base.lproj/Main.storyboard; sourceTree = "<group>"; };
		81FBF402221143890001A10F /* Assets.xcassets */ = {isa = PBXFileReference; lastKnownFileType = folder.assetcatalog; path = Assets.xcassets; sourceTree = "<group>"; };
		81FBF405221143890001A10F /* Base */ = {isa = PBXFileReference; lastKnownFileType = file.storyboard; name = Base; path = Base.lproj/LaunchScreen.storyboard; sourceTree = "<group>"; };
		81FBF407221143890001A10F /* Info.plist */ = {isa = PBXFileReference; lastKnownFileType = text.plist.xml; path = Info.plist; sourceTree = "<group>"; };
		81FBF40C221143890001A10F /* LibmsExampleTests.xctest */ = {isa = PBXFileReference; explicitFileType = wrapper.cfbundle; includeInIndex = 0; path = LibmsExampleTests.xctest; sourceTree = BUILT_PRODUCTS_DIR; };
		81FBF410221143890001A10F /* LibmsExampleTests.swift */ = {isa = PBXFileReference; lastKnownFileType = sourcecode.swift; path = LibmsExampleTests.swift; sourceTree = "<group>"; };
		81FBF412221143890001A10F /* Info.plist */ = {isa = PBXFileReference; lastKnownFileType = text.plist.xml; path = Info.plist; sourceTree = "<group>"; };
		81FBF417221143890001A10F /* LibmsExampleUITests.xctest */ = {isa = PBXFileReference; explicitFileType = wrapper.cfbundle; includeInIndex = 0; path = LibmsExampleUITests.xctest; sourceTree = BUILT_PRODUCTS_DIR; };
		81FBF41B221143890001A10F /* LibmsExampleUITests.swift */ = {isa = PBXFileReference; lastKnownFileType = sourcecode.swift; path = LibmsExampleUITests.swift; sourceTree = "<group>"; };
		81FBF41D221143890001A10F /* Info.plist */ = {isa = PBXFileReference; lastKnownFileType = text.plist.xml; path = Info.plist; sourceTree = "<group>"; };
/* End PBXFileReference section */

/* Begin PBXFrameworksBuildPhase section */
		81FBF3F5221143860001A10F /* Frameworks */ = {
			isa = PBXFrameworksBuildPhase;
			buildActionMask = 2147483647;
			files = (
			);
			runOnlyForDeploymentPostprocessing = 0;
		};
		81FBF409221143890001A10F /* Frameworks */ = {
			isa = PBXFrameworksBuildPhase;
			buildActionMask = 2147483647;
			files = (
			);
			runOnlyForDeploymentPostprocessing = 0;
		};
		81FBF414221143890001A10F /* Frameworks */ = {
			isa = PBXFrameworksBuildPhase;
			buildActionMask = 2147483647;
			files = (
			);
			runOnlyForDeploymentPostprocessing = 0;
		};
/* End PBXFrameworksBuildPhase section */

/* Begin PBXGroup section */
		81FBF3EF221143860001A10F = {
			isa = PBXGroup;
			children = (
				81FBF3FA221143860001A10F /* LibmsExample */,
				81FBF40F221143890001A10F /* LibmsExampleTests */,
				81FBF41A221143890001A10F /* LibmsExampleUITests */,
				81FBF3F9221143860001A10F /* Products */,
			);
			sourceTree = "<group>";
		};
		81FBF3F9221143860001A10F /* Products */ = {
			isa = PBXGroup;
			children = (
				81FBF3F8221143860001A10F /* LibmsExample.app */,
				81FBF40C221143890001A10F /* LibmsExampleTests.xctest */,
				81FBF417221143890001A10F /* LibmsExampleUITests.xctest */,
			);
			name = Products;
			sourceTree = "<group>";
		};
		81FBF3FA221143860001A10F /* LibmsExample */ = {
			isa = PBXGroup;
			children = (
				81FBF3FB221143860001A10F /* AppDelegate.swift */,
				81FBF3FD221143860001A10F /* ViewController.swift */,
				81FBF3FF221143860001A10F /* Main.storyboard */,
				81FBF402221143890001A10F /* Assets.xcassets */,
				81FBF404221143890001A10F /* LaunchScreen.storyboard */,
				81FBF407221143890001A10F /* Info.plist */,
			);
			path = LibmsExample;
			sourceTree = "<group>";
		};
		81FBF40F221143890001A10F /* LibmsExampleTests */ = {
			isa = PBXGroup;
			children = (
				81FBF410221143890001A10F /* LibmsExampleTests.swift */,
				81FBF412221143890001A10F /* Info.plist */,
			);
			path = LibmsExampleTests;
			sourceTree = "<group>";
		};
		81FBF41A221143890001A10F /* LibmsExampleUITests */ = {
			isa = PBXGroup;
			children = (
				81FBF41B221143890001A10F /* LibmsExampleUITests.swift */,
				81FBF41D221143890001A10F /* Info.plist */,
			);
			path = LibmsExampleUITests;
			sourceTree = "<group>";
		};
/* End PBXGroup section */

/* Begin PBXNativeTarget section */
		81FBF3F7221143860001A10F /* LibmsExample */ = {
			isa = PBXNativeTarget;
			buildConfigurationList = 81FBF420221143890001A10F /* Build configuration list for PBXNativeTarget "LibmsExample" */;
			buildPhases = (
				81FBF3F4221143860001A10F /* Sources */,
				81FBF3F5221143860001A10F /* Frameworks */,
				81FBF3F6221143860001A10F /* Resources */,
			);
			buildRules = (
			);
			dependencies = (
			);
			name = LibmsExample;
			productName = LibmsExample;
			productReference = 81FBF3F8221143860001A10F /* LibmsExample.app */;
			productType = "com.apple.product-type.application";
		};
		81FBF40B221143890001A10F /* LibmsExampleTests */ = {
			isa = PBXNativeTarget;
			buildConfigurationList = 81FBF423221143890001A10F /* Build configuration list for PBXNativeTarget "LibmsExampleTests" */;
			buildPhases = (
				81FBF408221143890001A10F /* Sources */,
				81FBF409221143890001A10F /* Frameworks */,
				81FBF40A221143890001A10F /* Resources */,
			);
			buildRules = (
			);
			dependencies = (
				81FBF40E221143890001A10F /* PBXTargetDependency */,
			);
			name = LibmsExampleTests;
			productName = LibmsExampleTests;
			productReference = 81FBF40C221143890001A10F /* LibmsExampleTests.xctest */;
			productType = "com.apple.product-type.bundle.unit-test";
		};
		81FBF416221143890001A10F /* LibmsExampleUITests */ = {
			isa = PBXNativeTarget;
			buildConfigurationList = 81FBF426221143890001A10F /* Build configuration list for PBXNativeTarget "LibmsExampleUITests" */;
			buildPhases = (
				81FBF413221143890001A10F /* Sources */,
				81FBF414221143890001A10F /* Frameworks */,
				81FBF415221143890001A10F /* Resources */,
			);
			buildRules = (
			);
			dependencies = (
				81FBF419221143890001A10F /* PBXTargetDependency */,
			);
			name = LibmsExampleUITests;
			productName = LibmsExampleUITests;
			productReference = 81FBF417221143890001A10F /* LibmsExampleUITests.xctest */;
			productType = "com.apple.product-type.bundle.ui-testing";
		};
/* End PBXNativeTarget section */

/* Begin PBXProject section */
		81FBF3F0221143860001A10F /* Project object */ = {
			isa = PBXProject;
			attributes = {
				LastSwiftUpdateCheck = 1010;
				LastUpgradeCheck = 1010;
				ORGANIZATIONNAME = libms;
				TargetAttributes = {
					81FBF3F7221143860001A10F = {
						CreatedOnToolsVersion = 10.1;
					};
					81FBF40B221143890001A10F = {
						CreatedOnToolsVersion = 10.1;
						TestTargetID = 81FBF3F7221143860001A10F;
					};
					81FBF416221143890001A10F = {
						CreatedOnToolsVersion = 10.1;
						TestTargetID = 81FBF3F7221143860001A10F;
					};
				};
			};
			buildConfigurationList = 81FBF3F3221143860001A10F /* Build configuration list for PBXProject "LibmsExample" */;
			compatibilityVersion = "Xcode 9.3";
			developmentRegion = en;
			hasScannedForEncodings = 0;
			knownRegions = (
				en,
				Base,
			);
			mainGroup = 81FBF3EF221143860001A10F;
			productRefGroup = 81FBF3F9221143860001A10F /* Products */;
			projectDirPath = "";
			projectRoot = "";
			targets = (
				81FBF3F7221143860001A10F /* LibmsExample */,
				81FBF40B221143890001A10F /* LibmsExampleTests */,
				81FBF416221143890001A10F /* LibmsExampleUITests */,
			);
		};
/* End PBXProject section */

/* Begin PBXResourcesBuildPhase section */
		81FBF3F6221143860001A10F /* Resources */ = {
			isa = PBXResourcesBuildPhase;
			buildActionMask = 2147483647;
			files = (
				81FBF406221143890001A10F /* LaunchScreen.storyboard in Resources */,
				81FBF403221143890001A10F /* Assets.xcassets in Resources */,
				81FBF401221143860001A10F /* Main.storyboard in Resources */,
			);
			runOnlyForDeploymentPostprocessing = 0;
		};
		81FBF40A221143890001A10F /* Resources */ = {
			isa = PBXResourcesBuildPhase;
			buildActionMask = 2147483647;
			files = (
			);
			runOnlyForDeploymentPostprocessing = 0;
		};
		81FBF415221143890001A10F /* Resources */ = {
			isa = PBXResourcesBuildPhase;
			buildActionMask = 2147483647;
			files = (
			);
			runOnlyForDeploymentPostprocessing = 0;
		};
/* End PBXResourcesBuildPhase section */

/* Begin PBXSourcesBuildPhase section */
		81FBF3F4221143860001A10F /* Sources */ = {
			isa = PBXSourcesBuildPhase;
			buildActionMask = 2147483647;
			files = (
				81FBF3FE221143860001A10F /* ViewController.swift in Sources */,
				81FBF3FC221143860001A10F /* AppDelegate.swift in Sources */,
			);
			runOnlyForDeploymentPostprocessing = 0;
		};
		81FBF408221143890001A10F /* Sources */ = {
			isa = PBXSourcesBuildPhase;
			buildActionMask = 2147483647;
			files = (
				81FBF411221143890001A10F /* LibmsExampleTests.swift in Sources */,
			);
			runOnlyForDeploymentPostprocessing = 0;
		};
		81FBF413221143890001A10F /* Sources */ = {
			isa = PBXSourcesBuildPhase;
			buildActionMask = 2147483647;
			files = (
				81FBF41C221143890001A10F /* LibmsExampleUITests.swift in Sources */,
			);
			runOnlyForDeploymentPostprocessing = 0;
		};
/* End PBXSourcesBuildPhase section */

/* Begin PBXTargetDependency section */
		81FBF40E221143890001A10F /* PBXTargetDependency */ = {
			isa = PBXTargetDependency;
			target = 81FBF3F7221143860001A10F /* LibmsExample */;
			targetProxy = 81FBF40D221143890001A10F /* PBXContainerItemProxy */;
		};
		81FBF419221143890001A10F /* PBXTargetDependency */ = {
			isa = PBXTargetDependency;
			target = 81FBF3F7221143860001A10F /* LibmsExample */;
			targetProxy = 81FBF418221143890001A10F /* PBXContainerItemProxy */;
		};
/* End PBXTargetDependency section */

/* Begin PBXVariantGroup section */
		81FBF3FF221143860001A10F /* Main.storyboard */ = {
			isa = PBXVariantGroup;
			children = (
				81FBF400221143860001A10F /* Base */,
			);
			name = Main.storyboard;
			sourceTree = "<group>";
		};
		81FBF404221143890001A10F /* LaunchScreen.storyboard */ = {
			isa = PBXVariantGroup;
			children = (
				81FBF405221143890001A10F /* Base */,
			);
			name = LaunchScreen.storyboard;
			sourceTree = "<group>";
		};
/* End PBXVariantGroup section */

/* Begin XCBuildConfiguration section */
		81FBF41E221143890001A10F /* Debug */ = {
			isa = XCBuildConfiguration;
			buildSettings = {
				ALWAYS_SEARCH_USER_PATHS = NO;
				CLANG_ANALYZER_NONNULL = YES;
				CLANG_ANALYZER_NUMBER_OBJECT_CONVERSION = YES_AGGRESSIVE;
				CLANG_CXX_LANGUAGE_STANDARD = "gnu++14";
				CLANG_CXX_LIBRARY = "libc++";
				CLANG_ENABLE_MODULES = YES;
				CLANG_ENABLE_OBJC_ARC = YES;
				CLANG_ENABLE_OBJC_WEAK = YES;
				CLANG_WARN_BLOCK_CAPTURE_AUTORELEASING = YES;
				CLANG_WARN_BOOL_CONVERSION = YES;
				CLANG_WARN_COMMA = YES;
				CLANG_WARN_CONSTANT_CONVERSION = YES;
				CLANG_WARN_DEPRECATED_OBJC_IMPLEMENTATIONS = YES;
				CLANG_WARN_DIRECT_OBJC_ISA_USAGE = YES_ERROR;
				CLANG_WARN_DOCUMENTATION_COMMENTS = YES;
				CLANG_WARN_EMPTY_BODY = YES;
				CLANG_WARN_ENUM_CONVERSION = YES;
				CLANG_WARN_INFINITE_RECURSION = YES;
				CLANG_WARN_INT_CONVERSION = YES;
				CLANG_WARN_NON_LITERAL_NULL_CONVERSION = YES;
				CLANG_WARN_OBJC_IMPLICIT_RETAIN_SELF = YES;
				CLANG_WARN_OBJC_LITERAL_CONVERSION = YES;
				CLANG_WARN_OBJC_ROOT_CLASS = YES_ERROR;
				CLANG_WARN_RANGE_LOOP_ANALYSIS = YES;
				CLANG_WARN_STRICT_PROTOTYPES = YES;
				CLANG_WARN_SUSPICIOUS_MOVE = YES;
				CLANG_WARN_UNGUARDED_AVAILABILITY = YES_AGGRESSIVE;
				CLANG_WARN_UNREACHABLE_CODE = YES;
				CLANG_WARN__DUPLICATE_METHOD_MATCH = YES;
				CODE_SIGN_IDENTITY = "iPhone Developer";
				COPY_PHASE_STRIP = NO;
				DEBUG_INFORMATION_FORMAT = dwarf;
				ENABLE_STRICT_OBJC_MSGSEND = YES;
				ENABLE_TESTABILITY = YES;
				GCC_C_LANGUAGE_STANDARD = gnu11;
				GCC_DYNAMIC_NO_PIC = NO;
				GCC_NO_COMMON_BLOCKS = YES;
				GCC_OPTIMIZATION_LEVEL = 0;
				GCC_PREPROCESSOR_DEFINITIONS = (
					"DEBUG=1",
					"$(inherited)",
				);
				GCC_WARN_64_TO_32_BIT_CONVERSION = YES;
				GCC_WARN_ABOUT_RETURN_TYPE = YES_ERROR;
				GCC_WARN_UNDECLARED_SELECTOR = YES;
				GCC_WARN_UNINITIALIZED_AUTOS = YES_AGGRESSIVE;
				GCC_WARN_UNUSED_FUNCTION = YES;
				GCC_WARN_UNUSED_VARIABLE = YES;
				IPHONEOS_DEPLOYMENT_TARGET = 12.1;
				MTL_ENABLE_DEBUG_INFO = INCLUDE_SOURCE;
				MTL_FAST_MATH = YES;
				ONLY_ACTIVE_ARCH = YES;
				SDKROOT = iphoneos;
				SWIFT_ACTIVE_COMPILATION_CONDITIONS = DEBUG;
				SWIFT_OPTIMIZATION_LEVEL = "-Onone";
			};
			name = Debug;
		};
		81FBF41F221143890001A10F /* Release */ = {
			isa = XCBuildConfiguration;
			buildSettings = {
				ALWAYS_SEARCH_USER_PATHS = NO;
				CLANG_ANALYZER_NONNULL = YES;
				CLANG_ANALYZER_NUMBER_OBJECT_CONVERSION = YES_AGGRESSIVE;
				CLANG_CXX_LANGUAGE_STANDARD = "gnu++14";
				CLANG_CXX_LIBRARY = "libc++";
				CLANG_ENABLE_MODULES = YES;
				CLANG_ENABLE_OBJC_ARC = YES;
				CLANG_ENABLE_OBJC_WEAK = YES;
				CLANG_WARN_BLOCK_CAPTURE_AUTORELEASING = YES;
				CLANG_WARN_BOOL_CONVERSION = YES;
				CLANG_WARN_COMMA = YES;
				CLANG_WARN_CONSTANT_CONVERSION = YES;
				CLANG_WARN_DEPRECATED_OBJC_IMPLEMENTATIONS = YES;
				CLANG_WARN_DIRECT_OBJC_ISA_USAGE = YES_ERROR;
				CLANG_WARN_DOCUMENTATION_COMMENTS = YES;
				CLANG_WARN_EMPTY_BODY = YES;
				CLANG_WARN_ENUM_CONVERSION = YES;
				CLANG_WARN_INFINITE_RECURSION = YES;
				CLANG_WARN_INT_CONVERSION = YES;
				CLANG_WARN_NON_LITERAL_NULL_CONVERSION = YES;
				CLANG_WARN_OBJC_IMPLICIT_RETAIN_SELF = YES;
				CLANG_WARN_OBJC_LITERAL_CONVERSION = YES;
				CLANG_WARN_OBJC_ROOT_CLASS = YES_ERROR;
				CLANG_WARN_RANGE_LOOP_ANALYSIS = YES;
				CLANG_WARN_STRICT_PROTOTYPES = YES;
				CLANG_WARN_SUSPICIOUS_MOVE = YES;
				CLANG_WARN_UNGUARDED_AVAILABILITY = YES_AGGRESSIVE;
				CLANG_WARN_UNREACHABLE_CODE = YES;
				CLANG_WARN__DUPLICATE_METHOD_MATCH = YES;
				CODE_SIGN_IDENTITY = "iPhone Developer";
				COPY_PHASE_STRIP = NO;
				DEBUG_INFORMATION_FORMAT = "dwarf-with-dsym";
				ENABLE_NS_ASSERTIONS = NO;
				ENABLE_STRICT_OBJC_MSGSEND = YES;
				GCC_C_LANGUAGE_STANDARD = gnu11;
				GCC_NO_COMMON_BLOCKS = YES;
				GCC_WARN_64_TO_32_BIT_CONVERSION = YES;
				GCC_WARN_ABOUT_RETURN_TYPE = YES_ERROR;
				GCC_WARN_UNDECLARED_SELECTOR = YES;
				GCC_WARN_UNINITIALIZED_AUTOS = YES_AGGRESSIVE;
				GCC_WARN_UNUSED_FUNCTION = YES;
				GCC_WARN_UNUSED_VARIABLE = YES;
				IPHONEOS_DEPLOYMENT_TARGET = 12.1;
				MTL_ENABLE_DEBUG_INFO = NO;
				MTL_FAST_MATH = YES;
				SDKROOT = iphoneos;
				SWIFT_COMPILATION_MODE = wholemodule;
				SWIFT_OPTIMIZATION_LEVEL = "-O";
				VALIDATE_PRODUCT = YES;
			};
			name = Release;
		};
		81FBF421221143890001A10F /* Debug */ = {
			isa = XCBuildConfiguration;
			buildSettings = {
				ASSETCATALOG_COMPILER_APPICON_NAME = AppIcon;
				CODE_SIGN_STYLE = Automatic;
				INFOPLIST_FILE = LibmsExample/Info.plist;
				LD_RUNPATH_SEARCH_PATHS = (
					"$(inherited)",
					"@executable_path/Frameworks",
				);
				PRODUCT_BUNDLE_IDENTIFIER = org.libms.LibmsExample;
				PRODUCT_NAME = "$(TARGET_NAME)";
				SWIFT_VERSION = 4.2;
				TARGETED_DEVICE_FAMILY = "1,2";
			};
			name = Debug;
		};
		81FBF422221143890001A10F /* Release */ = {
			isa = XCBuildConfiguration;
			buildSettings = {
				ASSETCATALOG_COMPILER_APPICON_NAME = AppIcon;
				CODE_SIGN_STYLE = Automatic;
				INFOPLIST_FILE = LibmsExample/Info.plist;
				LD_RUNPATH_SEARCH_PATHS = (
					"$(inherited)",
					"@executable_path/Frameworks",
				);
				PRODUCT_BUNDLE_IDENTIFIER = org.libms.LibmsExample;
				PRODUCT_NAME = "$(TARGET_NAME)";
				SWIFT_VERSION = 4.2;
				TARGETED_DEVICE_FAMILY = "1,2";
			};
			name = Release;
		};
		81FBF424221143890001A10F /* Debug */ = {
			isa = XCBuildConfiguration;
			buildSettings = {
				ALWAYS_EMBED_SWIFT_STANDARD_LIBRARIES = YES;
				BUNDLE_LOADER = "$(TEST_HOST)";
				CODE_SIGN_STYLE = Automatic;
				INFOPLIST_FILE = LibmsExampleTests/Info.plist;
				LD_RUNPATH_SEARCH_PATHS = (
					"$(inherited)",
					"@executable_path/Frameworks",
					"@loader_path/Frameworks",
				);
				PRODUCT_BUNDLE_IDENTIFIER = org.libms.LibmsExampleTests;
				PRODUCT_NAME = "$(TARGET_NAME)";
				SWIFT_VERSION = 4.2;
				TARGETED_DEVICE_FAMILY = "1,2";
				TEST_HOST = "$(BUILT_PRODUCTS_DIR)/LibmsExample.app/LibmsExample";
			};
			name = Debug;
		};
		81FBF425221143890001A10F /* Release */ = {
			isa = XCBuildConfiguration;
			buildSettings = {
				ALWAYS_EMBED_SWIFT_STANDARD_LIBRARIES = YES;
				BUNDLE_LOADER = "$(TEST_HOST)";
				CODE_SIGN_STYLE = Automatic;
				INFOPLIST_FILE = LibmsExampleTests/Info.plist;
				LD_RUNPATH_SEARCH_PATHS = (
					"$(inherited)",
					"@executable_path/Frameworks",
					"@loader_path/Frameworks",
				);
				PRODUCT_BUNDLE_IDENTIFIER = org.libms.LibmsExampleTests;
				PRODUCT_NAME = "$(TARGET_NAME)";
				SWIFT_VERSION = 4.2;
				TARGETED_DEVICE_FAMILY = "1,2";
				TEST_HOST = "$(BUILT_PRODUCTS_DIR)/LibmsExample.app/LibmsExample";
			};
			name = Release;
		};
		81FBF427221143890001A10F /* Debug */ = {
			isa = XCBuildConfiguration;
			buildSettings = {
				ALWAYS_EMBED_SWIFT_STANDARD_LIBRARIES = YES;
				CODE_SIGN_STYLE = Automatic;
				INFOPLIST_FILE = LibmsExampleUITests/Info.plist;
				LD_RUNPATH_SEARCH_PATHS = (
					"$(inherited)",
					"@executable_path/Frameworks",
					"@loader_path/Frameworks",
				);
				PRODUCT_BUNDLE_IDENTIFIER = org.libms.LibmsExampleUITests;
				PRODUCT_NAME = "$(TARGET_NAME)";
				SWIFT_VERSION = 4.2;
				TARGETED_DEVICE_FAMILY = "1,2";
				TEST_TARGET_NAME = LibmsExample;
			};
			name = Debug;
		};
		81FBF428221143890001A10F /* Release */ = {
			isa = XCBuildConfiguration;
			buildSettings = {
				ALWAYS_EMBED_SWIFT_STANDARD_LIBRARIES = YES;
				CODE_SIGN_STYLE = Automatic;
				INFOPLIST_FILE = LibmsExampleUITests/Info.plist;
				LD_RUNPATH_SEARCH_PATHS = (
					"$(inherited)",
					"@executable_path/Frameworks",
					"@loader_path/Frameworks",
				);
				PRODUCT_BUNDLE_IDENTIFIER = org.libms.LibmsExampleUITests;
				PRODUCT_NAME = "$(TARGET_NAME)";
				SWIFT_VERSION = 4.2;
				TARGETED_DEVICE_FAMILY = "1,2";
				TEST_TARGET_NAME = LibmsExample;
			};
			name = Release;
		};
/* End XCBuildConfiguration section */

/* Begin XCConfigurationList section */
		81FBF3F3221143860001A10F /* Build configuration list for PBXProject "LibmsExample" */ = {
			isa = XCConfigurationList;
			buildConfigurations = (
				81FBF41E221143890001A10F /* Debug */,
				81FBF41F221143890001A10F /* Release */,
			);
			defaultConfigurationIsVisible = 0;
			defaultConfigurationName = Release;
		};
		81FBF420221143890001A10F /* Build configuration list for PBXNativeTarget "LibmsExample" */ = {
			isa = XCConfigurationList;
			buildConfigurations = (
				81FBF421221143890001A10F /* Debug */,
				81FBF422221143890001A10F /* Release */,
			);
			defaultConfigurationIsVisible = 0;
			defaultConfigurationName = Release;
		};
		81FBF423221143890001A10F /* Build configuration list for PBXNativeTarget "LibmsExampleTests" */ = {
			isa = XCConfigurationList;
			buildConfigurations = (
				81FBF424221143890001A10F /* Debug */,
				81FBF425221143890001A10F /* Release */,
			);
			defaultConfigurationIsVisible = 0;
			defaultConfigurationName = Release;
		};
		81FBF426221143890001A10F /* Build configuration list for PBXNativeTarget "LibmsExampleUITests" */ = {
			isa = XCConfigurationList;
			buildConfigurations = (
				81FBF427221143890001A10F /* Debug */,
				81FBF428221143890001A10F /* Release */,
			);
			defaultConfigurationIsVisible = 0;
			defaultConfigurationName = Release;
		};
/* End XCConfigurationList section */
	};
	rootObject = 81FBF3F0221143860001A10F /* Project object */;
}
